
Microsoft Visual Studio Solution File, Format Version 12.00
# Visual Studio 15
VisualStudioVersion = 15.0.28307.271
MinimumVisualStudioVersion = 10.0.40219.1
Project("{00D1A9C2-B5F0-4AF3-8072-F6C62B433612}") = "AdminDB", "AdminDB\AdminDB.sqlproj", "{172DA4AA-85B8-4BA3-8FC0-A709925F1B25}"
EndProject
Project("{2150E333-8FDC-42A3-9474-1A3956D46DE8}") = "Task Scheduler", "Task Scheduler", "{44F72FF7-91BE-40F7-A0A2-567A98CB222D}"
EndProject
Project("{2150E333-8FDC-42A3-9474-1A3956D46DE8}") = "Scripts", "Scripts", "{16567913-43A8-437E-84A1-C1E795E90E65}"
	ProjectSection(SolutionItems) = preProject
		Task Scheduler\Scripts\JOB_TaskSchedulerJob.sql = Task Scheduler\Scripts\JOB_TaskSchedulerJob.sql
	EndProjectSection
EndProject
Project("{00D1A9C2-B5F0-4AF3-8072-F6C62B433612}") = "CoreDB", "CoreDB\CoreDB.sqlproj", "{F1B3281C-4894-411E-AFB6-FBFC55427C50}"
EndProject
Global
	GlobalSection(SolutionConfigurationPlatforms) = preSolution
		Debug|Any CPU = Debug|Any CPU
		Release|Any CPU = Release|Any CPU
	EndGlobalSection
	GlobalSection(ProjectConfigurationPlatforms) = postSolution
		{172DA4AA-85B8-4BA3-8FC0-A709925F1B25}.Debug|Any CPU.ActiveCfg = Debug|Any CPU
		{172DA4AA-85B8-4BA3-8FC0-A709925F1B25}.Release|Any CPU.ActiveCfg = Release|Any CPU
		{172DA4AA-85B8-4BA3-8FC0-A709925F1B25}.Release|Any CPU.Build.0 = Release|Any CPU
		{172DA4AA-85B8-4BA3-8FC0-A709925F1B25}.Release|Any CPU.Deploy.0 = Release|Any CPU
		{F1B3281C-4894-411E-AFB6-FBFC55427C50}.Debug|Any CPU.ActiveCfg = Debug|Any CPU
		{F1B3281C-4894-411E-AFB6-FBFC55427C50}.Release|Any CPU.ActiveCfg = Release|Any CPU
		{F1B3281C-4894-411E-AFB6-FBFC55427C50}.Release|Any CPU.Build.0 = Release|Any CPU
		{F1B3281C-4894-411E-AFB6-FBFC55427C50}.Release|Any CPU.Deploy.0 = Release|Any CPU
	EndGlobalSection
	GlobalSection(SolutionProperties) = preSolution
		HideSolutionNode = FALSE
	EndGlobalSection
	GlobalSection(NestedProjects) = preSolution
		{16567913-43A8-437E-84A1-C1E795E90E65} = {44F72FF7-91BE-40F7-A0A2-567A98CB222D}
	EndGlobalSection
	GlobalSection(ExtensibilityGlobals) = postSolution
		SolutionGuid = {2440AEF6-3B38-4AAA-A2BD-DA0EE4D8AF11}
	EndGlobalSection
	GlobalSection(TeamFoundationVersionControl) = preSolution
		SccNumberOfProjects = 3
		SccEnterpriseProvider = {4CA58AB2-18FA-4F8D-95D4-32DDF27D184C}
		SccTeamFoundationServer = https://dev.azure.com/domagojkristov
		SccLocalPath0 = .
		SccProjectUniqueName1 = AdminDB\\AdminDB.sqlproj
		SccProjectName1 = AdminDB
		SccLocalPath1 = AdminDB
		SccProjectUniqueName2 = CoreDB\\CoreDB.sqlproj
		SccProjectName2 = CoreDB
		SccLocalPath2 = CoreDB
	EndGlobalSection
EndGlobal
